lockfileVersion: '9.0'

settings:
  autoInstallPeers: true
  excludeLinksFromLockfile: false

importers:

  .: {}

  extensions/banner-inline:
    dependencies:
      '@preact/signals':
        specifier: ^2.3.x
        version: 2.4.0(preact@10.27.2)
      '@shopify/ui-extensions':
        specifier: 2025.10.x
        version: 2025.10.7(@preact/signals@2.4.0(preact@10.27.2))(preact@10.27.2)
      preact:
        specifier: ^10.10.x
        version: 10.27.2

  extensions/banner-timer:
    dependencies:
      '@shopify/ui-extensions':
        specifier: 2025.7.x
        version: 2025.7.1
      '@shopify/ui-extensions-react':
        specifier: 2025.7.x
        version: 2025.7.1(@shopify/ui-extensions@2025.7.1)(react-reconciler@0.29.0(react@18.3.1))(react@18.3.1)
      react:
        specifier: ^18.0.0
        version: 18.3.1
    devDependencies:
      '@types/react':
        specifier: ^18.0.0
        version: 18.3.26
      react-reconciler:
        specifier: 0.29.0
        version: 0.29.0(react@18.3.1)

  extensions/grid-benefits:
    dependencies:
      '@shopify/ui-extensions':
        specifier: 2025.7.x
        version: 2025.7.1
      '@shopify/ui-extensions-react':
        specifier: 2025.7.x
        version: 2025.7.1(@shopify/ui-extensions@2025.7.1)(react-reconciler@0.29.0(react@18.3.1))(react@18.3.1)
      react:
        specifier: ^18.0.0
        version: 18.3.1
    devDependencies:
      '@types/react':
        specifier: ^18.0.0
        version: 18.3.26
      react-reconciler:
        specifier: 0.29.0
        version: 0.29.0(react@18.3.1)

  extensions/image-block:
    dependencies:
      '@shopify/ui-extensions':
        specifier: 2025.7.x
        version: 2025.7.1
      '@shopify/ui-extensions-react':
        specifier: 2025.7.x
        version: 2025.7.1(@shopify/ui-extensions@2025.7.1)(react-reconciler@0.29.0(react@18.3.1))(react@18.3.1)
      react:
        specifier: ^18.0.0
        version: 18.3.1
    devDependencies:
      '@types/react':
        specifier: ^18.0.0
        version: 18.3.26
      react-reconciler:
        specifier: 0.29.0
        version: 0.29.0(react@18.3.1)

  extensions/inline-content:
    dependencies:
      '@shopify/ui-extensions':
        specifier: 2025.7.x
        version: 2025.7.1
      '@shopify/ui-extensions-react':
        specifier: 2025.7.x
        version: 2025.7.1(@shopify/ui-extensions@2025.7.1)(react-reconciler@0.29.0(react@18.3.1))(react@18.3.1)
      react:
        specifier: ^18.0.0
        version: 18.3.1
    devDependencies:
      '@types/react':
        specifier: ^18.0.0
        version: 18.3.26
      react-reconciler:
        specifier: 0.29.0
        version: 0.29.0(react@18.3.1)

  extensions/review:
    dependencies:
      '@shopify/ui-extensions':
        specifier: 2025.7.x
        version: 2025.7.1
      '@shopify/ui-extensions-react':
        specifier: 2025.7.x
        version: 2025.7.1(@shopify/ui-extensions@2025.7.1)(react-reconciler@0.29.0(react@18.3.1))(react@18.3.1)
      react:
        specifier: ^18.0.0
        version: 18.3.1
    devDependencies:
      '@types/react':
        specifier: ^18.0.0
        version: 18.3.26
      react-reconciler:
        specifier: 0.29.0
        version: 0.29.0(react@18.3.1)

  extensions/reviews:
    dependencies:
      '@shopify/ui-extensions':
        specifier: 2025.7.x
        version: 2025.7.1
      '@shopify/ui-extensions-react':
        specifier: 2025.7.x
        version: 2025.7.1(@shopify/ui-extensions@2025.7.1)(react-reconciler@0.29.0(react@18.3.1))(react@18.3.1)
      react:
        specifier: ^18.0.0
        version: 18.3.1
    devDependencies:
      '@types/react':
        specifier: ^18.0.0
        version: 18.3.26
      react-reconciler:
        specifier: 0.29.0
        version: 0.29.0(react@18.3.1)

  extensions/shipping-protection-upsell:
    dependencies:
      '@shopify/ui-extensions':
        specifier: 2025.7.x
        version: 2025.7.1
      '@shopify/ui-extensions-react':
        specifier: 2025.7.x
        version: 2025.7.1(@shopify/ui-extensions@2025.7.1)(react-reconciler@0.29.0(react@18.3.1))(react@18.3.1)
      react:
        specifier: ^18.0.0
        version: 18.3.1
    devDependencies:
      '@types/react':
        specifier: ^18.0.0
        version: 18.3.26
      react-reconciler:
        specifier: 0.29.0
        version: 0.29.0(react@18.3.1)

  extensions/text:
    dependencies:
      '@shopify/ui-extensions':
        specifier: 2025.7.x
        version: 2025.7.1
      '@shopify/ui-extensions-react':
        specifier: 2025.7.x
        version: 2025.7.1(@shopify/ui-extensions@2025.7.1)(react-reconciler@0.29.0(react@18.3.1))(react@18.3.1)
      react:
        specifier: ^18.0.0
        version: 18.3.1
    devDependencies:
      '@types/react':
        specifier: ^18.0.0
        version: 18.3.26
      react-reconciler:
        specifier: 0.29.0
        version: 0.29.0(react@18.3.1)

  extensions/upsell-simple:
    dependencies:
      '@shopify/ui-extensions':
        specifier: 2025.7.x
        version: 2025.7.1
      '@shopify/ui-extensions-react':
        specifier: 2025.7.x
        version: 2025.7.1(@shopify/ui-extensions@2025.7.1)(react-reconciler@0.29.0(react@18.3.1))(react@18.3.1)
      react:
        specifier: ^18.0.0
        version: 18.3.1
    devDependencies:
      '@types/react':
        specifier: ^18.0.0
        version: 18.3.26
      react-reconciler:
        specifier: 0.29.0
        version: 0.29.0(react@18.3.1)

  extensions/usps:
    dependencies:
      '@shopify/ui-extensions':
        specifier: 2025.7.x
        version: 2025.7.1
      '@shopify/ui-extensions-react':
        specifier: 2025.7.x
        version: 2025.7.1(@shopify/ui-extensions@2025.7.1)(react-reconciler@0.29.0(react@18.3.1))(react@18.3.1)
      react:
        specifier: ^18.0.0
        version: 18.3.1
    devDependencies:
      '@types/react':
        specifier: ^18.0.0
        version: 18.3.26
      react-reconciler:
        specifier: 0.29.0
        version: 0.29.0(react@18.3.1)

packages:

  '@nodelib/fs.scandir@2.1.5':
    resolution: {integrity: sha512-vq24Bq3ym5HEQm2NKCr3yXDwjc7vTsEThRDnkp2DK9p1uqLR+DHurm/NOTo0KG7HYHU7eppKZj3MyqYuMBf62g==}
    engines: {node: '>= 8'}

  '@nodelib/fs.stat@2.0.5':
    resolution: {integrity: sha512-RkhPPp2zrqDAQA/2jNhnztcPAlv64XdhIp7a7454A5ovI7Bukxgt7MX7udwAu3zg1DcpPU0rz3VV1SeaqvY4+A==}
    engines: {node: '>= 8'}

  '@nodelib/fs.walk@1.2.8':
    resolution: {integrity: sha512-oGB+UxlgWcgQkgwo8GcEGwemoTFt3FIO9ababBmaGwXIoBKZ+GTy0pP185beGg7Llih/NSHSV2XAs1lnznocSg==}
    engines: {node: '>= 8'}

  '@preact/signals-core@1.12.1':
    resolution: {integrity: sha512-BwbTXpj+9QutoZLQvbttRg5x3l5468qaV2kufh+51yha1c53ep5dY4kTuZR35+3pAZxpfQerGJiQqg34ZNZ6uA==}

  '@preact/signals@2.4.0':
    resolution: {integrity: sha512-kVEih9Ty55O+6OKJ85beQJ0gaV++Xci2N2kaQc3LjSUtHKQqB47oMaW6OfwHwzWLRbYsms/326s2ITGiHL7paw==}
    peerDependencies:
      preact: '>= 10.25.0 || >=11.0.0-0'

  '@remote-ui/async-subscription@2.1.18':
    resolution: {integrity: sha512-O+76qOiTGN6iJZBFncELNIBnhCbHAIYrsrG0n3SjmwXE9Gy6nl4xZoa5FqIcw5VPz7EAdwKBkFsRE5uyQB7FOw==}

  '@remote-ui/core@2.2.7':
    resolution: {integrity: sha512-9eiTKy2eNKcT76xS0Dpz06ae2oClGAUUjx+HTDsz6fh7n/SS8Avid5N7GOaRiny/6T/cMJxaCeycMQJsEviGjA==}

  '@remote-ui/react@5.0.8':
    resolution: {integrity: sha512-GUwqP0b4m2TQ8THbsjhBvvYXZfvyWbP6HlYtzKw7izW9C49DWrixLuSz41kB4Ae7MI1OUfKy3xHtwXeLWa+nuA==}
    peerDependencies:
      react: '>=17.0.0 <19.0.0'
      react-reconciler: '>=0.26.0 <0.30.0'
    peerDependenciesMeta:
      react-reconciler:
        optional: true

  '@remote-ui/rpc@1.4.7':
    resolution: {integrity: sha512-ORiaKsbVBSEi3Z4YWOj5Ucrp70NrkNktI1hdqqfBW7Z3o0YoxTX9MIqtLmsc6721IbjmExvLrLip5I5Y7uAbng==}

  '@remote-ui/types@1.1.3':
    resolution: {integrity: sha512-P1kN1F3p0oMgnLN8Of1Ie9am3sLvJ7nhqHH1pvzkrxqjVwhhyPVZNcwOHyUNZPKp62izhDavdrcnqrdXzVJqGA==}

  '@shopify/ui-extensions-react@2025.7.1':
    resolution: {integrity: sha512-jUWw+Z00eMwsbz+3Zpgc5uoIoF8yaYitPwXTiYwsALKZt4ZBRWvuOzblyeTGcn4zHvOQ1VZFb6exHycwe1MJ3g==}
    peerDependencies:
      '@shopify/ui-extensions': 2025.7.1
      react: '>=18.0.0'

  '@shopify/ui-extensions@2025.10.7':
    resolution: {integrity: sha512-TGZmsh/BHdxA+OLwrD8uYhJgc6+0Yzf1/5PrmA5VFxltckC8KcmguoTP0JieM1/Ujcc9X3Log+gjGExWOu49XQ==}
    peerDependencies:
      '@preact/signals': '*'
      preact: '*'
    peerDependenciesMeta:
      '@preact/signals':
        optional: true
      preact:
        optional: true

  '@shopify/ui-extensions@2025.7.1':
    resolution: {integrity: sha512-5L3lUB2Zb53yDKSrFRyNtkVnot2cOVxRr07srchDVy64whC7EmoYGlo5QmUQIiwaHNubo7++a/yFi1uOjiUdmg==}

  '@ts-morph/common@0.26.1':
    resolution: {integrity: sha512-Sn28TGl/4cFpcM+jwsH1wLncYq3FtN/BIpem+HOygfBWPT5pAeS5dB4VFVzV8FbnOKHpDLZmvAl4AjPEev5idA==}

  '@types/prop-types@15.7.15':
    resolution: {integrity: sha512-F6bEyamV9jKGAFBEmlQnesRPGOQqS2+Uwi0Em15xenOxHaf2hv6L8YCVn3rPdPJOiJfPiCnLIRyvwVaqMY3MIw==}

  '@types/react-reconciler@0.28.9':
    resolution: {integrity: sha512-HHM3nxyUZ3zAylX8ZEyrDNd2XZOnQ0D5XfunJF5FLQnZbHHYq4UWvW1QfelQNXv1ICNkwYhfxjwfnqivYB6bFg==}
    peerDependencies:
      '@types/react': '*'

  '@types/react@18.3.26':
    resolution: {integrity: sha512-RFA/bURkcKzx/X9oumPG9Vp3D3JUgus/d0b67KB0t5S/raciymilkOa66olh78MUI92QLbEJevO7rvqU/kjwKA==}

  balanced-match@1.0.2:
    resolution: {integrity: sha512-3oSeUO0TMV67hN1AmbXsK4yaqU7tjiHlbxRDZOpH0KW9+CeX4bRAaX0Anxt0tx2MrpRpWwQaPwIlISEJhYU5Pw==}

  brace-expansion@2.0.2:
    resolution: {integrity: sha512-Jt0vHyM+jmUBqojB7E1NIYadt0vI0Qxjxd2TErW94wDz+E2LAm5vKMXXwg6ZZBTHPuUlDgQHKXvjGBdfcF1ZDQ==}

  braces@3.0.3:
    resolution: {integrity: sha512-yQbXgO/OSZVD2IsiLlro+7Hf6Q18EJrKSEsdoMzKePKXct3gvD8oLcOQdIzGupr5Fj+EDe8gO/lxc1BzfMpxvA==}
    engines: {node: '>=8'}

  code-block-writer@13.0.3:
    resolution: {integrity: sha512-Oofo0pq3IKnsFtuHqSF7TqBfr71aeyZDVJ0HpmqB7FBM2qEigL0iPONSCZSO9pE9dZTAxANe5XHG9Uy0YMv8cg==}

  csstype@3.1.3:
    resolution: {integrity: sha512-M1uQkMl8rQK/szD0LNhtqxIPLpimGm8sOBwU7lLnCpSbTyY3yeU1Vc7l4KT5zT4s/yOxHH5O7tIuuLOCnLADRw==}

  fast-glob@3.3.3:
    resolution: {integrity: sha512-7MptL8U0cqcFdzIzwOTHoilX9x5BrNqye7Z/LuC7kCMRio1EMSyqRK3BEAUD7sXRq4iT4AzTVuZdhgQ2TCvYLg==}
    engines: {node: '>=8.6.0'}

  fastq@1.19.1:
    resolution: {integrity: sha512-GwLTyxkCXjXbxqIhTsMI2Nui8huMPtnxg7krajPJAjnEG/iiOS7i+zCtWGZR9G0NBKbXKh6X9m9UIsYX/N6vvQ==}

  fill-range@7.1.1:
    resolution: {integrity: sha512-YsGpe3WHLK8ZYi4tWDg2Jy3ebRz2rXowDxnld4bkQB00cc/1Zw9AWnC0i9ztDJitivtQvaI9KaLyKrc+hBW0yg==}
    engines: {node: '>=8'}

  glob-parent@5.1.2:
    resolution: {integrity: sha512-AOIgSQCepiJYwP3ARnGx+5VnTu2HBYdzbGP45eLw1vr3zB3vZLeyed1sC9hnbcOc9/SrMyM5RPQrkGz4aS9Zow==}
    engines: {node: '>= 6'}

  is-extglob@2.1.1:
    resolution: {integrity: sha512-SbKbANkN603Vi4jEZv49LeVJMn4yGwsbzZworEoyEiutsN3nJYdbO36zfhGJ6QEDpOZIFkDtnq5JRxmvl3jsoQ==}
    engines: {node: '>=0.10.0'}

  is-glob@4.0.3:
    resolution: {integrity: sha512-xelSayHH36ZgE7ZWhli7pW34hNbNl8Ojv5KVmkJD4hBdD3th8Tfk9vYasLM+mXWOZhFkgZfxhLSnrwRr4elSSg==}
    engines: {node: '>=0.10.0'}

  is-number@7.0.0:
    resolution: {integrity: sha512-41Cifkg6e8TylSpdtTpeLVMqvSBEVzTttHvERD741+pnZ8ANv0004MRL43QKPDlK9cGvNp6NZWZUBlbGXYxxng==}
    engines: {node: '>=0.12.0'}

  js-tokens@4.0.0:
    resolution: {integrity: sha512-RdJUflcE3cUzKiMqQgsCu06FPu9UdIJO0beYbPhHN4k6apgJtifcoCtT9bcxOpYBtpD2kCM6Sbzg4CausW/PKQ==}

  loose-envify@1.4.0:
    resolution: {integrity: sha512-lyuxPGr/Wfhrlem2CL/UcnUc1zcqKAImBDzukY7Y5F/yQiNdko6+fRLevlw1HgMySw7f611UIY408EtxRSoK3Q==}
    hasBin: true

  merge2@1.4.1:
    resolution: {integrity: sha512-8q7VEgMJW4J8tcfVPy8g09NcQwZdbwFEqhe/WZkoIzjn/3TGDwtOCYtXGxA3O8tPzpczCCDgv+P2P5y00ZJOOg==}
    engines: {node: '>= 8'}

  micromatch@4.0.8:
    resolution: {integrity: sha512-PXwfBhYu0hBCPw8Dn0E+WDYb7af3dSLVWKi3HGv84IdF4TyFoC0ysxFd0Goxw7nSv4T/PzEJQxsYsEiFCKo2BA==}
    engines: {node: '>=8.6'}

  minimatch@9.0.5:
    resolution: {integrity: sha512-G6T0ZX48xgozx7587koeX9Ys2NYy6Gmv//P89sEte9V9whIapMNF4idKxnW2QtCcLiTWlb/wfCabAtAFWhhBow==}
    engines: {node: '>=16 || 14 >=14.17'}

  path-browserify@1.0.1:
    resolution: {integrity: sha512-b7uo2UCUOYZcnF/3ID0lulOJi/bafxa1xPe7ZPsammBSpjSWQkjNxlt635YGS2MiR9GjvuXCtz2emr3jbsz98g==}

  picomatch@2.3.1:
    resolution: {integrity: sha512-JU3teHTNjmE2VCGFzuY8EXzCDVwEqB2a8fsIvwaStHhAWJEeVd1o1QD80CU6+ZdEXXSLbSsuLwJjkCBWqRQUVA==}
    engines: {node: '>=8.6'}

  preact@10.27.2:
    resolution: {integrity: sha512-5SYSgFKSyhCbk6SrXyMpqjb5+MQBgfvEKE/OC+PujcY34sOpqtr+0AZQtPYx5IA6VxynQ7rUPCtKzyovpj9Bpg==}

  queue-microtask@1.2.3:
    resolution: {integrity: sha512-NuaNSa6flKT5JaSYQzJok04JzTL1CA6aGhv5rfLW3PgqA+M2ChpZQnAC8h8i4ZFkBS8X5RqkDBHA7r4hej3K9A==}

  react-reconciler@0.29.0:
    resolution: {integrity: sha512-wa0fGj7Zht1EYMRhKWwoo1H9GApxYLBuhoAuXN0TlltESAjDssB+Apf0T/DngVqaMyPypDmabL37vw/2aRM98Q==}
    engines: {node: '>=0.10.0'}
    peerDependencies:
      react: ^18.2.0

  react@18.3.1:
    resolution: {integrity: sha512-wS+hAgJShR0KhEvPJArfuPVN1+Hz1t0Y6n5jLrGQbkb4urgPE/0Rve+1kMB1v/oWgHgm4WIcV+i7F2pTVj+2iQ==}
    engines: {node: '>=0.10.0'}

  reusify@1.1.0:
    resolution: {integrity: sha512-g6QUff04oZpHs0eG5p83rFLhHeV00ug/Yf9nZM6fLeUrPguBTkTQOdpAWWspMh55TZfVQDPaN3NQJfbVRAxdIw==}
    engines: {iojs: '>=1.0.0', node: '>=0.10.0'}

  run-parallel@1.2.0:
    resolution: {integrity: sha512-5l4VyZR86LZ/lDxZTR6jqL8AFE2S0IFLMP26AbjsLVADxHdhB/c0GUsH+y39UfCi3dzz8OlQuPmnaJOMoDHQBA==}

  scheduler@0.23.2:
    resolution: {integrity: sha512-UOShsPwz7NrMUqhR6t0hWjFduvOzbtv7toDH1/hIrfRNIDBnnBWd0CwJTGvTpngVlmwGCdP9/Zl/tVrDqcuYzQ==}

  to-regex-range@5.0.1:
    resolution: {integrity: sha512-65P7iz6X5yEr1cwcgvQxbbIw7Uk3gOy5dIdtZ4rDveLqhrdJP+Li/Hx6tyK0NEb+2GCyneCMJiGqrADCSNk8sQ==}
    engines: {node: '>=8.0'}

  ts-morph@25.0.1:
    resolution: {integrity: sha512-QJEiTdnz1YjrB3JFhd626gX4rKHDLSjSVMvGGG4v7ONc3RBwa0Eei98G9AT9uNFDMtV54JyuXsFeC+OH0n6bXQ==}

snapshots:

  '@nodelib/fs.scandir@2.1.5':
    dependencies:
      '@nodelib/fs.stat': 2.0.5
      run-parallel: 1.2.0

  '@nodelib/fs.stat@2.0.5': {}

  '@nodelib/fs.walk@1.2.8':
    dependencies:
      '@nodelib/fs.scandir': 2.1.5
      fastq: 1.19.1

  '@preact/signals-core@1.12.1': {}

  '@preact/signals@2.4.0(preact@10.27.2)':
    dependencies:
      '@preact/signals-core': 1.12.1
      preact: 10.27.2

  '@remote-ui/async-subscription@2.1.18':
    dependencies:
      '@remote-ui/rpc': 1.4.7

  '@remote-ui/core@2.2.7':
    dependencies:
      '@remote-ui/rpc': 1.4.7
      '@remote-ui/types': 1.1.3

  '@remote-ui/react@5.0.8(react-reconciler@0.29.0(react@18.3.1))(react@18.3.1)':
    dependencies:
      '@remote-ui/async-subscription': 2.1.18
      '@remote-ui/core': 2.2.7
      '@remote-ui/rpc': 1.4.7
      '@types/react': 18.3.26
      '@types/react-reconciler': 0.28.9(@types/react@18.3.26)
      react: 18.3.1
    optionalDependencies:
      react-reconciler: 0.29.0(react@18.3.1)

  '@remote-ui/rpc@1.4.7': {}

  '@remote-ui/types@1.1.3': {}

  '@shopify/ui-extensions-react@2025.7.1(@shopify/ui-extensions@2025.7.1)(react-reconciler@0.29.0(react@18.3.1))(react@18.3.1)':
    dependencies:
      '@remote-ui/async-subscription': 2.1.18
      '@remote-ui/react': 5.0.8(react-reconciler@0.29.0(react@18.3.1))(react@18.3.1)
      '@shopify/ui-extensions': 2025.7.1
      '@types/react': 18.3.26
      react: 18.3.1
    transitivePeerDependencies:
      - react-reconciler

  '@shopify/ui-extensions@2025.10.7(@preact/signals@2.4.0(preact@10.27.2))(preact@10.27.2)':
    dependencies:
      ts-morph: 25.0.1
    optionalDependencies:
      '@preact/signals': 2.4.0(preact@10.27.2)
      preact: 10.27.2

  '@shopify/ui-extensions@2025.7.1':
    dependencies:
      '@remote-ui/async-subscription': 2.1.18
      '@remote-ui/core': 2.2.7

  '@ts-morph/common@0.26.1':
    dependencies:
      fast-glob: 3.3.3
      minimatch: 9.0.5
      path-browserify: 1.0.1

  '@types/prop-types@15.7.15': {}

  '@types/react-reconciler@0.28.9(@types/react@18.3.26)':
    dependencies:
      '@types/react': 18.3.26

  '@types/react@18.3.26':
    dependencies:
      '@types/prop-types': 15.7.15
      csstype: 3.1.3

  balanced-match@1.0.2: {}

  brace-expansion@2.0.2:
    dependencies:
      balanced-match: 1.0.2

  braces@3.0.3:
    dependencies:
      fill-range: 7.1.1

  code-block-writer@13.0.3: {}

  csstype@3.1.3: {}

  fast-glob@3.3.3:
    dependencies:
      '@nodelib/fs.stat': 2.0.5
      '@nodelib/fs.walk': 1.2.8
      glob-parent: 5.1.2
      merge2: 1.4.1
      micromatch: 4.0.8

  fastq@1.19.1:
    dependencies:
      reusify: 1.1.0

  fill-range@7.1.1:
    dependencies:
      to-regex-range: 5.0.1

  glob-parent@5.1.2:
    dependencies:
      is-glob: 4.0.3

  is-extglob@2.1.1: {}

  is-glob@4.0.3:
    dependencies:
      is-extglob: 2.1.1

  is-number@7.0.0: {}

  js-tokens@4.0.0: {}

  loose-envify@1.4.0:
    dependencies:
      js-tokens: 4.0.0

  merge2@1.4.1: {}

  micromatch@4.0.8:
    dependencies:
      braces: 3.0.3
      picomatch: 2.3.1

  minimatch@9.0.5:
    dependencies:
      brace-expansion: 2.0.2

  path-browserify@1.0.1: {}

  picomatch@2.3.1: {}

  preact@10.27.2: {}

  queue-microtask@1.2.3: {}

  react-reconciler@0.29.0(react@18.3.1):
    dependencies:
      loose-envify: 1.4.0
      react: 18.3.1
      scheduler: 0.23.2

  react@18.3.1:
    dependencies:
      loose-envify: 1.4.0

  reusify@1.1.0: {}

  run-parallel@1.2.0:
    dependencies:
      queue-microtask: 1.2.3

  scheduler@0.23.2:
    dependencies:
      loose-envify: 1.4.0

  to-regex-range@5.0.1:
    dependencies:
      is-number: 7.0.0

  ts-morph@25.0.1:
    dependencies:
      '@ts-morph/common': 0.26.1
      code-block-writer: 13.0.3
